
Microsoft Visual Studio Solution File, Format Version 12.00
# Visual Studio Express 14 for Windows Desktop
VisualStudioVersion = 14.0.25420.1
MinimumVisualStudioVersion = 10.0.40219.1
Project("{FAE04EC0-301F-11D3-BF4B-00C04F79EFBC}") = "osztály_fájl_gyak_I_2", "osztály_fájl_gyak_I_2\osztály_fájl_gyak_I_2.csproj", "{F39BF8D5-E81D-427C-91F5-F03BC783FC0A}"
EndProject
Global
	GlobalSection(SolutionConfigurationPlatforms) = preSolution
		Debug|Any CPU = Debug|Any CPU
		Release|Any CPU = Release|Any CPU
	EndGlobalSection
	GlobalSection(ProjectConfigurationPlatforms) = postSolution
		{F39BF8D5-E81D-427C-91F5-F03BC783FC0A}.Debug|Any CPU.ActiveCfg = Debug|Any CPU
		{F39BF8D5-E81D-427C-91F5-F03BC783FC0A}.Debug|Any CPU.Build.0 = Debug|Any CPU
		{F39BF8D5-E81D-427C-91F5-F03BC783FC0A}.Release|Any CPU.ActiveCfg = Release|Any CPU
		{F39BF8D5-E81D-427C-91F5-F03BC783FC0A}.Release|Any CPU.Build.0 = Release|Any CPU
	EndGlobalSection
	GlobalSection(SolutionProperties) = preSolution
		HideSolutionNode = FALSE
	EndGlobalSection
EndGlobal
