
Microsoft Visual Studio Solution File, Format Version 12.00
# Visual Studio Express 14 for Windows Desktop
VisualStudioVersion = 14.0.23107.0
MinimumVisualStudioVersion = 10.0.40219.1
Project("{FAE04EC0-301F-11D3-BF4B-00C04F79EFBC}") = "tömb_fgv", "tömb_fgv\tömb_fgv.csproj", "{95A62FD3-CBC5-42EA-BC64-13BD7CAF7F18}"
EndProject
Global
	GlobalSection(SolutionConfigurationPlatforms) = preSolution
		Debug|Any CPU = Debug|Any CPU
		Release|Any CPU = Release|Any CPU
	EndGlobalSection
	GlobalSection(ProjectConfigurationPlatforms) = postSolution
		{95A62FD3-CBC5-42EA-BC64-13BD7CAF7F18}.Debug|Any CPU.ActiveCfg = Debug|Any CPU
		{95A62FD3-CBC5-42EA-BC64-13BD7CAF7F18}.Debug|Any CPU.Build.0 = Debug|Any CPU
		{95A62FD3-CBC5-42EA-BC64-13BD7CAF7F18}.Release|Any CPU.ActiveCfg = Release|Any CPU
		{95A62FD3-CBC5-42EA-BC64-13BD7CAF7F18}.Release|Any CPU.Build.0 = Release|Any CPU
	EndGlobalSection
	GlobalSection(SolutionProperties) = preSolution
		HideSolutionNode = FALSE
	EndGlobalSection
EndGlobal
