
Microsoft Visual Studio Solution File, Format Version 12.00
# Visual Studio Express 14 for Windows Desktop
VisualStudioVersion = 14.0.25420.1
MinimumVisualStudioVersion = 10.0.40219.1
Project("{FAE04EC0-301F-11D3-BF4B-00C04F79EFBC}") = "bekérés_consol_gyak_1", "bekérés_consol_gyak_1\bekérés_consol_gyak_1.csproj", "{269E09F6-07E1-445C-9A83-26724CA2E6CC}"
EndProject
Global
	GlobalSection(SolutionConfigurationPlatforms) = preSolution
		Debug|Any CPU = Debug|Any CPU
		Release|Any CPU = Release|Any CPU
	EndGlobalSection
	GlobalSection(ProjectConfigurationPlatforms) = postSolution
		{269E09F6-07E1-445C-9A83-26724CA2E6CC}.Debug|Any CPU.ActiveCfg = Debug|Any CPU
		{269E09F6-07E1-445C-9A83-26724CA2E6CC}.Debug|Any CPU.Build.0 = Debug|Any CPU
		{269E09F6-07E1-445C-9A83-26724CA2E6CC}.Release|Any CPU.ActiveCfg = Release|Any CPU
		{269E09F6-07E1-445C-9A83-26724CA2E6CC}.Release|Any CPU.Build.0 = Release|Any CPU
	EndGlobalSection
	GlobalSection(SolutionProperties) = preSolution
		HideSolutionNode = FALSE
	EndGlobalSection
EndGlobal
