
Microsoft Visual Studio Solution File, Format Version 12.00
# Visual Studio Version 16
VisualStudioVersion = 16.0.30225.117
MinimumVisualStudioVersion = 10.0.40219.1
Project("{FAE04EC0-301F-11D3-BF4B-00C04F79EFBC}") = "osztály_adattag", "osztály_adattag.csproj", "{F4F0742B-F134-43F0-BBE3-BDAE7719BD95}"
EndProject
Global
	GlobalSection(SolutionConfigurationPlatforms) = preSolution
		Debug|Any CPU = Debug|Any CPU
		Release|Any CPU = Release|Any CPU
	EndGlobalSection
	GlobalSection(ProjectConfigurationPlatforms) = postSolution
		{F4F0742B-F134-43F0-BBE3-BDAE7719BD95}.Debug|Any CPU.ActiveCfg = Debug|Any CPU
		{F4F0742B-F134-43F0-BBE3-BDAE7719BD95}.Debug|Any CPU.Build.0 = Debug|Any CPU
		{F4F0742B-F134-43F0-BBE3-BDAE7719BD95}.Release|Any CPU.ActiveCfg = Release|Any CPU
		{F4F0742B-F134-43F0-BBE3-BDAE7719BD95}.Release|Any CPU.Build.0 = Release|Any CPU
	EndGlobalSection
	GlobalSection(SolutionProperties) = preSolution
		HideSolutionNode = FALSE
	EndGlobalSection
	GlobalSection(ExtensibilityGlobals) = postSolution
		SolutionGuid = {8B0E8280-A818-4704-B8A2-F1565A8E2326}
	EndGlobalSection
EndGlobal
